// !$*UTF8*$!
{
	archiveVersion = 1;
	classes = {
	};
	objectVersion = 46;
	objects = {

/* Begin PBXBuildFile section */
		B45916601E65B796007EE68B /* main.m in Sources */ = {isa = PBXBuildFile; fileRef = B459165F1E65B796007EE68B /* main.m */; };
		B45916631E65B796007EE68B /* AppDelegate.m in Sources */ = {isa = PBXBuildFile; fileRef = B45916621E65B796007EE68B /* AppDelegate.m */; };
		B45916661E65B796007EE68B /* ViewController.m in Sources */ = {isa = PBXBuildFile; fileRef = B45916651E65B796007EE68B /* ViewController.m */; };
		B45916691E65B796007EE68B /* Main.storyboard in Resources */ = {isa = PBXBuildFile; fileRef = B45916671E65B796007EE68B /* Main.storyboard */; };
		B459166B1E65B796007EE68B /* Assets.xcassets in Resources */ = {isa = PBXBuildFile; fileRef = B459166A1E65B796007EE68B /* Assets.xcassets */; };
		B459166E1E65B796007EE68B /* LaunchScreen.storyboard in Resources */ = {isa = PBXBuildFile; fileRef = B459166C1E65B796007EE68B /* LaunchScreen.storyboard */; };
		B45916791E65B796007EE68B /* OrientationDemoTests.m in Sources */ = {isa = PBXBuildFile; fileRef = B45916781E65B796007EE68B /* OrientationDemoTests.m */; };
		B45916841E65B796007EE68B /* OrientationDemoUITests.m in Sources */ = {isa = PBXBuildFile; fileRef = B45916831E65B796007EE68B /* OrientationDemoUITests.m */; };
		B45916CD1E65B8E1007EE68B /* testViewController.m in Sources */ = {isa = PBXBuildFile; fileRef = B45916CC1E65B8E1007EE68B /* testViewController.m */; };
/* End PBXBuildFile section */

/* Begin PBXContainerItemProxy section */
		B45916751E65B796007EE68B /* PBXContainerItemProxy */ = {
			isa = PBXContainerItemProxy;
			containerPortal = B45916531E65B796007EE68B /* Project object */;
			proxyType = 1;
			remoteGlobalIDString = B459165A1E65B796007EE68B;
			remoteInfo = OrientationDemo;
		};
		B45916801E65B796007EE68B /* PBXContainerItemProxy */ = {
			isa = PBXContainerItemProxy;
			containerPortal = B45916531E65B796007EE68B /* Project object */;
			proxyType = 1;
			remoteGlobalIDString = B459165A1E65B796007EE68B;
			remoteInfo = OrientationDemo;
		};
/* End PBXContainerItemProxy section */

/* Begin PBXFileReference section */
		B459165B1E65B796007EE68B /* OrientationDemo.app */ = {isa = PBXFileReference; explicitFileType = wrapper.application; includeInIndex = 0; path = OrientationDemo.app; sourceTree = BUILT_PRODUCTS_DIR; };
		B459165F1E65B796007EE68B /* main.m */ = {isa = PBXFileReference; lastKnownFileType = sourcecode.c.objc; path = main.m; sourceTree = "<group>"; };
		B45916611E65B796007EE68B /* AppDelegate.h */ = {isa = PBXFileReference; lastKnownFileType = sourcecode.c.h; path = AppDelegate.h; sourceTree = "<group>"; };
		B45916621E65B796007EE68B /* AppDelegate.m */ = {isa = PBXFileReference; lastKnownFileType = sourcecode.c.objc; path = AppDelegate.m; sourceTree = "<group>"; };
		B45916641E65B796007EE68B /* ViewController.h */ = {isa = PBXFileReference; lastKnownFileType = sourcecode.c.h; path = ViewController.h; sourceTree = "<group>"; };
		B45916651E65B796007EE68B /* ViewController.m */ = {isa = PBXFileReference; lastKnownFileType = sourcecode.c.objc; path = ViewController.m; sourceTree = "<group>"; };
		B45916681E65B796007EE68B /* Base */ = {isa = PBXFileReference; lastKnownFileType = file.storyboard; name = Base; path = Base.lproj/Main.storyboard; sourceTree = "<group>"; };
		B459166A1E65B796007EE68B /* Assets.xcassets */ = {isa = PBXFileReference; lastKnownFileType = folder.assetcatalog; path = Assets.xcassets; sourceTree = "<group>"; };
		B459166D1E65B796007EE68B /* Base */ = {isa = PBXFileReference; lastKnownFileType = file.storyboard; name = Base; path = Base.lproj/LaunchScreen.storyboard; sourceTree = "<group>"; };
		B459166F1E65B796007EE68B /* Info.plist */ = {isa = PBXFileReference; lastKnownFileType = text.plist.xml; path = Info.plist; sourceTree = "<group>"; };
		B45916741E65B796007EE68B /* OrientationDemoTests.xctest */ = {isa = PBXFileReference; explicitFileType = wrapper.cfbundle; includeInIndex = 0; path = OrientationDemoTests.xctest; sourceTree = BUILT_PRODUCTS_DIR; };
		B45916781E65B796007EE68B /* OrientationDemoTests.m */ = {isa = PBXFileReference; lastKnownFileType = sourcecode.c.objc; path = OrientationDemoTests.m; sourceTree = "<group>"; };
		B459167A1E65B796007EE68B /* Info.plist */ = {isa = PBXFileReference; lastKnownFileType = text.plist.xml; path = Info.plist; sourceTree = "<group>"; };
		B459167F1E65B796007EE68B /* OrientationDemoUITests.xctest */ = {isa = PBXFileReference; explicitFileType = wrapper.cfbundle; includeInIndex = 0; path = OrientationDemoUITests.xctest; sourceTree = BUILT_PRODUCTS_DIR; };
		B45916831E65B796007EE68B /* OrientationDemoUITests.m */ = {isa = PBXFileReference; lastKnownFileType = sourcecode.c.objc; path = OrientationDemoUITests.m; sourceTree = "<group>"; };
		B45916851E65B796007EE68B /* Info.plist */ = {isa = PBXFileReference; lastKnownFileType = text.plist.xml; path = Info.plist; sourceTree = "<group>"; };
		B45916CB1E65B8E1007EE68B /* testViewController.h */ = {isa = PBXFileReference; fileEncoding = 4; lastKnownFileType = sourcecode.c.h; path = testViewController.h; sourceTree = "<group>"; };
		B45916CC1E65B8E1007EE68B /* testViewController.m */ = {isa = PBXFileReference; fileEncoding = 4; lastKnownFileType = sourcecode.c.objc; path = testViewController.m; sourceTree = "<group>"; };
/* End PBXFileReference section */

/* Begin PBXFrameworksBuildPhase section */
		B45916581E65B796007EE68B /* Frameworks */ = {
			isa = PBXFrameworksBuildPhase;
			buildActionMask = 2147483647;
			files = (
			);
			runOnlyForDeploymentPostprocessing = 0;
		};
		B45916711E65B796007EE68B /* Frameworks */ = {
			isa = PBXFrameworksBuildPhase;
			buildActionMask = 2147483647;
			files = (
			);
			runOnlyForDeploymentPostprocessing = 0;
		};
		B459167C1E65B796007EE68B /* Frameworks */ = {
			isa = PBXFrameworksBuildPhase;
			buildActionMask = 2147483647;
			files = (
			);
			runOnlyForDeploymentPostprocessing = 0;
		};
/* End PBXFrameworksBuildPhase section */

/* Begin PBXGroup section */
		B45916521E65B796007EE68B = {
			isa = PBXGroup;
			children = (
				B459165D1E65B796007EE68B /* OrientationDemo */,
				B45916771E65B796007EE68B /* OrientationDemoTests */,
				B45916821E65B796007EE68B /* OrientationDemoUITests */,
				B459165C1E65B796007EE68B /* Products */,
			);
			sourceTree = "<group>";
		};
		B459165C1E65B796007EE68B /* Products */ = {
			isa = PBXGroup;
			children = (
				B459165B1E65B796007EE68B /* OrientationDemo.app */,
				B45916741E65B796007EE68B /* OrientationDemoTests.xctest */,
				B459167F1E65B796007EE68B /* OrientationDemoUITests.xctest */,
			);
			name = Products;
			sourceTree = "<group>";
		};
		B459165D1E65B796007EE68B /* OrientationDemo */ = {
			isa = PBXGroup;
			children = (
				B45916611E65B796007EE68B /* AppDelegate.h */,
				B45916621E65B796007EE68B /* AppDelegate.m */,
				B45916641E65B796007EE68B /* ViewController.h */,
				B45916651E65B796007EE68B /* ViewController.m */,
				B45916CB1E65B8E1007EE68B /* testViewController.h */,
				B45916CC1E65B8E1007EE68B /* testViewController.m */,
				B45916671E65B796007EE68B /* Main.storyboard */,
				B459166A1E65B796007EE68B /* Assets.xcassets */,
				B459166C1E65B796007EE68B /* LaunchScreen.storyboard */,
				B459166F1E65B796007EE68B /* Info.plist */,
				B459165E1E65B796007EE68B /* Supporting Files */,
			);
			path = OrientationDemo;
			sourceTree = "<group>";
		};
		B459165E1E65B796007EE68B /* Supporting Files */ = {
			isa = PBXGroup;
			children = (
				B459165F1E65B796007EE68B /* main.m */,
			);
			name = "Supporting Files";
			sourceTree = "<group>";
		};
		B45916771E65B796007EE68B /* OrientationDemoTests */ = {
			isa = PBXGroup;
			children = (
				B45916781E65B796007EE68B /* OrientationDemoTests.m */,
				B459167A1E65B796007EE68B /* Info.plist */,
			);
			path = OrientationDemoTests;
			sourceTree = "<group>";
		};
		B45916821E65B796007EE68B /* OrientationDemoUITests */ = {
			isa = PBXGroup;
			children = (
				B45916831E65B796007EE68B /* OrientationDemoUITests.m */,
				B45916851E65B796007EE68B /* Info.plist */,
			);
			path = OrientationDemoUITests;
			sourceTree = "<group>";
		};
/* End PBXGroup section */

/* Begin PBXNativeTarget section */
		B459165A1E65B796007EE68B /* OrientationDemo */ = {
			isa = PBXNativeTarget;
			buildConfigurationList = B45916881E65B796007EE68B /* Build configuration list for PBXNativeTarget "OrientationDemo" */;
			buildPhases = (
				B45916571E65B796007EE68B /* Sources */,
				B45916581E65B796007EE68B /* Frameworks */,
				B45916591E65B796007EE68B /* Resources */,
			);
			buildRules = (
			);
			dependencies = (
			);
			name = OrientationDemo;
			productName = OrientationDemo;
			productReference = B459165B1E65B796007EE68B /* OrientationDemo.app */;
			productType = "com.apple.product-type.application";
		};
		B45916731E65B796007EE68B /* OrientationDemoTests */ = {
			isa = PBXNativeTarget;
			buildConfigurationList = B459168B1E65B796007EE68B /* Build configuration list for PBXNativeTarget "OrientationDemoTests" */;
			buildPhases = (
				B45916701E65B796007EE68B /* Sources */,
				B45916711E65B796007EE68B /* Frameworks */,
				B45916721E65B796007EE68B /* Resources */,
			);
			buildRules = (
			);
			dependencies = (
				B45916761E65B796007EE68B /* PBXTargetDependency */,
			);
			name = OrientationDemoTests;
			productName = OrientationDemoTests;
			productReference = B45916741E65B796007EE68B /* OrientationDemoTests.xctest */;
			productType = "com.apple.product-type.bundle.unit-test";
		};
		B459167E1E65B796007EE68B /* OrientationDemoUITests */ = {
			isa = PBXNativeTarget;
			buildConfigurationList = B459168E1E65B796007EE68B /* Build configuration list for PBXNativeTarget "OrientationDemoUITests" */;
			buildPhases = (
				B459167B1E65B796007EE68B /* Sources */,
				B459167C1E65B796007EE68B /* Frameworks */,
				B459167D1E65B796007EE68B /* Resources */,
			);
			buildRules = (
			);
			dependencies = (
				B45916811E65B796007EE68B /* PBXTargetDependency */,
			);
			name = OrientationDemoUITests;
			productName = OrientationDemoUITests;
			productReference = B459167F1E65B796007EE68B /* OrientationDemoUITests.xctest */;
			productType = "com.apple.product-type.bundle.ui-testing";
		};
/* End PBXNativeTarget section */

/* Begin PBXProject section */
		B45916531E65B796007EE68B /* Project object */ = {
			isa = PBXProject;
			attributes = {
				LastUpgradeCheck = 0820;
				ORGANIZATIONNAME = metthew;
				TargetAttributes = {
					B459165A1E65B796007EE68B = {
						CreatedOnToolsVersion = 8.2.1;
						ProvisioningStyle = Automatic;
					};
					B45916731E65B796007EE68B = {
						CreatedOnToolsVersion = 8.2.1;
						ProvisioningStyle = Automatic;
						TestTargetID = B459165A1E65B796007EE68B;
					};
					B459167E1E65B796007EE68B = {
						CreatedOnToolsVersion = 8.2.1;
						ProvisioningStyle = Automatic;
						TestTargetID = B459165A1E65B796007EE68B;
					};
				};
			};
			buildConfigurationList = B45916561E65B796007EE68B /* Build configuration list for PBXProject "OrientationDemo" */;
			compatibilityVersion = "Xcode 3.2";
			developmentRegion = English;
			hasScannedForEncodings = 0;
			knownRegions = (
				en,
				Base,
			);
			mainGroup = B45916521E65B796007EE68B;
			productRefGroup = B459165C1E65B796007EE68B /* Products */;
			projectDirPath = "";
			projectRoot = "";
			targets = (
				B459165A1E65B796007EE68B /* OrientationDemo */,
				B45916731E65B796007EE68B /* OrientationDemoTests */,
				B459167E1E65B796007EE68B /* OrientationDemoUITests */,
			);
		};
/* End PBXProject section */

/* Begin PBXResourcesBuildPhase section */
		B45916591E65B796007EE68B /* Resources */ = {
			isa = PBXResourcesBuildPhase;
			buildActionMask = 2147483647;
			files = (
				B459166E1E65B796007EE68B /* LaunchScreen.storyboard in Resources */,
				B459166B1E65B796007EE68B /* Assets.xcassets in Resources */,
				B45916691E65B796007EE68B /* Main.storyboard in Resources */,
			);
			runOnlyForDeploymentPostprocessing = 0;
		};
		B45916721E65B796007EE68B /* Resources */ = {
			isa = PBXResourcesBuildPhase;
			buildActionMask = 2147483647;
			files = (
			);
			runOnlyForDeploymentPostprocessing = 0;
		};
		B459167D1E65B796007EE68B /* Resources */ = {
			isa = PBXResourcesBuildPhase;
			buildActionMask = 2147483647;
			files = (
			);
			runOnlyForDeploymentPostprocessing = 0;
		};
/* End PBXResourcesBuildPhase section */

/* Begin PBXSourcesBuildPhase section */
		B45916571E65B796007EE68B /* Sources */ = {
			isa = PBXSourcesBuildPhase;
			buildActionMask = 2147483647;
			files = (
				B45916661E65B796007EE68B /* ViewController.m in Sources */,
				B45916631E65B796007EE68B /* AppDelegate.m in Sources */,
				B45916CD1E65B8E1007EE68B /* testViewController.m in Sources */,
				B45916601E65B796007EE68B /* main.m in Sources */,
			);
			runOnlyForDeploymentPostprocessing = 0;
		};
		B45916701E65B796007EE68B /* Sources */ = {
			isa = PBXSourcesBuildPhase;
			buildActionMask = 2147483647;
			files = (
				B45916791E65B796007EE68B /* OrientationDemoTests.m in Sources */,
			);
			runOnlyForDeploymentPostprocessing = 0;
		};
		B459167B1E65B796007EE68B /* Sources */ = {
			isa = PBXSourcesBuildPhase;
			buildActionMask = 2147483647;
			files = (
				B45916841E65B796007EE68B /* OrientationDemoUITests.m in Sources */,
			);
			runOnlyForDeploymentPostprocessing = 0;
		};
/* End PBXSourcesBuildPhase section */

/* Begin PBXTargetDependency section */
		B45916761E65B796007EE68B /* PBXTargetDependency */ = {
			isa = PBXTargetDependency;
			target = B459165A1E65B796007EE68B /* OrientationDemo */;
			targetProxy = B45916751E65B796007EE68B /* PBXContainerItemProxy */;
		};
		B45916811E65B796007EE68B /* PBXTargetDependency */ = {
			isa = PBXTargetDependency;
			target = B459165A1E65B796007EE68B /* OrientationDemo */;
			targetProxy = B45916801E65B796007EE68B /* PBXContainerItemProxy */;
		};
/* End PBXTargetDependency section */

/* Begin PBXVariantGroup section */
		B45916671E65B796007EE68B /* Main.storyboard */ = {
			isa = PBXVariantGroup;
			children = (
				B45916681E65B796007EE68B /* Base */,
			);
			name = Main.storyboard;
			sourceTree = "<group>";
		};
		B459166C1E65B796007EE68B /* LaunchScreen.storyboard */ = {
			isa = PBXVariantGroup;
			children = (
				B459166D1E65B796007EE68B /* Base */,
			);
			name = LaunchScreen.storyboard;
			sourceTree = "<group>";
		};
/* End PBXVariantGroup section */

/* Begin XCBuildConfiguration section */
		B45916861E65B796007EE68B /* Debug */ = {
			isa = XCBuildConfiguration;
			buildSettings = {
				ALWAYS_SEARCH_USER_PATHS = NO;
				CLANG_ANALYZER_NONNULL = YES;
				CLANG_CXX_LANGUAGE_STANDARD = "gnu++0x";
				CLANG_CXX_LIBRARY = "libc++";
				CLANG_ENABLE_MODULES = YES;
				CLANG_ENABLE_OBJC_ARC = YES;
				CLANG_WARN_BOOL_CONVERSION = YES;
				CLANG_WARN_CONSTANT_CONVERSION = YES;
				CLANG_WARN_DIRECT_OBJC_ISA_USAGE = YES_ERROR;
				CLANG_WARN_DOCUMENTATION_COMMENTS = YES;
				CLANG_WARN_EMPTY_BODY = YES;
				CLANG_WARN_ENUM_CONVERSION = YES;
				CLANG_WARN_INFINITE_RECURSION = YES;
				CLANG_WARN_INT_CONVERSION = YES;
				CLANG_WARN_OBJC_ROOT_CLASS = YES_ERROR;
				CLANG_WARN_SUSPICIOUS_MOVE = YES;
				CLANG_WARN_UNREACHABLE_CODE = YES;
				CLANG_WARN__DUPLICATE_METHOD_MATCH = YES;
				"CODE_SIGN_IDENTITY[sdk=iphoneos*]" = "iPhone Developer";
				COPY_PHASE_STRIP = NO;
				DEBUG_INFORMATION_FORMAT = dwarf;
				ENABLE_STRICT_OBJC_MSGSEND = YES;
				ENABLE_TESTABILITY = YES;
				GCC_C_LANGUAGE_STANDARD = gnu99;
				GCC_DYNAMIC_NO_PIC = NO;
				GCC_NO_COMMON_BLOCKS = YES;
				GCC_OPTIMIZATION_LEVEL = 0;
				GCC_PREPROCESSOR_DEFINITIONS = (
					"DEBUG=1",
					"$(inherited)",
				);
				GCC_WARN_64_TO_32_BIT_CONVERSION = YES;
				GCC_WARN_ABOUT_RETURN_TYPE = YES_ERROR;
				GCC_WARN_UNDECLARED_SELECTOR = YES;
				GCC_WARN_UNINITIALIZED_AUTOS = YES_AGGRESSIVE;
				GCC_WARN_UNUSED_FUNCTION = YES;
				GCC_WARN_UNUSED_VARIABLE = YES;
				IPHONEOS_DEPLOYMENT_TARGET = 10.2;
				MTL_ENABLE_DEBUG_INFO = YES;
				ONLY_ACTIVE_ARCH = YES;
				SDKROOT = iphoneos;
				TARGETED_DEVICE_FAMILY = "1,2";
			};
			name = Debug;
		};
		B45916871E65B796007EE68B /* Release */ = {
			isa = XCBuildConfiguration;
			buildSettings = {
				ALWAYS_SEARCH_USER_PATHS = NO;
				CLANG_ANALYZER_NONNULL = YES;
				CLANG_CXX_LANGUAGE_STANDARD = "gnu++0x";
				CLANG_CXX_LIBRARY = "libc++";
				CLANG_ENABLE_MODULES = YES;
				CLANG_ENABLE_OBJC_ARC = YES;
				CLANG_WARN_BOOL_CONVERSION = YES;
				CLANG_WARN_CONSTANT_CONVERSION = YES;
				CLANG_WARN_DIRECT_OBJC_ISA_USAGE = YES_ERROR;
				CLANG_WARN_DOCUMENTATION_COMMENTS = YES;
				CLANG_WARN_EMPTY_BODY = YES;
				CLANG_WARN_ENUM_CONVERSION = YES;
				CLANG_WARN_INFINITE_RECURSION = YES;
				CLANG_WARN_INT_CONVERSION = YES;
				CLANG_WARN_OBJC_ROOT_CLASS = YES_ERROR;
				CLANG_WARN_SUSPICIOUS_MOVE = YES;
				CLANG_WARN_UNREACHABLE_CODE = YES;
				CLANG_WARN__DUPLICATE_METHOD_MATCH = YES;
				"CODE_SIGN_IDENTITY[sdk=iphoneos*]" = "iPhone Developer";
				COPY_PHASE_STRIP = NO;
				DEBUG_INFORMATION_FORMAT = "dwarf-with-dsym";
				ENABLE_NS_ASSERTIONS = NO;
				ENABLE_STRICT_OBJC_MSGSEND = YES;
				GCC_C_LANGUAGE_STANDARD = gnu99;
				GCC_NO_COMMON_BLOCKS = YES;
				GCC_WARN_64_TO_32_BIT_CONVERSION = YES;
				GCC_WARN_ABOUT_RETURN_TYPE = YES_ERROR;
				GCC_WARN_UNDECLARED_SELECTOR = YES;
				GCC_WARN_UNINITIALIZED_AUTOS = YES_AGGRESSIVE;
				GCC_WARN_UNUSED_FUNCTION = YES;
				GCC_WARN_UNUSED_VARIABLE = YES;
				IPHONEOS_DEPLOYMENT_TARGET = 10.2;
				MTL_ENABLE_DEBUG_INFO = NO;
				SDKROOT = iphoneos;
				TARGETED_DEVICE_FAMILY = "1,2";
				VALIDATE_PRODUCT = YES;
			};
			name = Release;
		};
		B45916891E65B796007EE68B /* Debug */ = {
			isa = XCBuildConfiguration;
			buildSettings = {
				ASSETCATALOG_COMPILER_APPICON_NAME = AppIcon;
				"CODE_SIGN_IDENTITY[sdk=iphoneos*]" = "iPhone Developer";
				DEVELOPMENT_TEAM = "";
				INFOPLIST_FILE = OrientationDemo/Info.plist;
				LD_RUNPATH_SEARCH_PATHS = "$(inherited) @executable_path/Frameworks";
				PRODUCT_BUNDLE_IDENTIFIER = com.metthew.OrientationDemo;
				PRODUCT_NAME = "$(TARGET_NAME)";
			};
			name = Debug;
		};
		B459168A1E65B796007EE68B /* Release */ = {
			isa = XCBuildConfiguration;
			buildSettings = {
				ASSETCATALOG_COMPILER_APPICON_NAME = AppIcon;
				"CODE_SIGN_IDENTITY[sdk=iphoneos*]" = "iPhone Developer";
				DEVELOPMENT_TEAM = "";
				INFOPLIST_FILE = OrientationDemo/Info.plist;
				LD_RUNPATH_SEARCH_PATHS = "$(inherited) @executable_path/Frameworks";
				PRODUCT_BUNDLE_IDENTIFIER = com.metthew.OrientationDemo;
				PRODUCT_NAME = "$(TARGET_NAME)";
			};
			name = Release;
		};
		B459168C1E65B796007EE68B /* Debug */ = {
			isa = XCBuildConfiguration;
			buildSettings = {
				BUNDLE_LOADER = "$(TEST_HOST)";
				INFOPLIST_FILE = OrientationDemoTests/Info.plist;
				LD_RUNPATH_SEARCH_PATHS = "$(inherited) @executable_path/Frameworks @loader_path/Frameworks";
				PRODUCT_BUNDLE_IDENTIFIER = com.metthew.OrientationDemoTests;
				PRODUCT_NAME = "$(TARGET_NAME)";
				TEST_HOST = "$(BUILT_PRODUCTS_DIR)/OrientationDemo.app/OrientationDemo";
			};
			name = Debug;
		};
		B459168D1E65B796007EE68B /* Release */ = {
			isa = XCBuildConfiguration;
			buildSettings = {
				BUNDLE_LOADER = "$(TEST_HOST)";
				INFOPLIST_FILE = OrientationDemoTests/Info.plist;
				LD_RUNPATH_SEARCH_PATHS = "$(inherited) @executable_path/Frameworks @loader_path/Frameworks";
				PRODUCT_BUNDLE_IDENTIFIER = com.metthew.OrientationDemoTests;
				PRODUCT_NAME = "$(TARGET_NAME)";
				TEST_HOST = "$(BUILT_PRODUCTS_DIR)/OrientationDemo.app/OrientationDemo";
			};
			name = Release;
		};
		B459168F1E65B796007EE68B /* Debug */ = {
			isa = XCBuildConfiguration;
			buildSettings = {
				INFOPLIST_FILE = OrientationDemoUITests/Info.plist;
				LD_RUNPATH_SEARCH_PATHS = "$(inherited) @executable_path/Frameworks @loader_path/Frameworks";
				PRODUCT_BUNDLE_IDENTIFIER = com.metthew.OrientationDemoUITests;
				PRODUCT_NAME = "$(TARGET_NAME)";
				TEST_TARGET_NAME = OrientationDemo;
			};
			name = Debug;
		};
		B45916901E65B796007EE68B /* Release */ = {
			isa = XCBuildConfiguration;
			buildSettings = {
				INFOPLIST_FILE = OrientationDemoUITests/Info.plist;
				LD_RUNPATH_SEARCH_PATHS = "$(inherited) @executable_path/Frameworks @loader_path/Frameworks";
				PRODUCT_BUNDLE_IDENTIFIER = com.metthew.OrientationDemoUITests;
				PRODUCT_NAME = "$(TARGET_NAME)";
				TEST_TARGET_NAME = OrientationDemo;
			};
			name = Release;
		};
/* End XCBuildConfiguration section */

/* Begin XCConfigurationList section */
		B45916561E65B796007EE68B /* Build configuration list for PBXProject "OrientationDemo" */ = {
			isa = XCConfigurationList;
			buildConfigurations = (
				B45916861E65B796007EE68B /* Debug */,
				B45916871E65B796007EE68B /* Release */,
			);
			defaultConfigurationIsVisible = 0;
			defaultConfigurationName = Release;
		};
		B45916881E65B796007EE68B /* Build configuration list for PBXNativeTarget "OrientationDemo" */ = {
			isa = XCConfigurationList;
			buildConfigurations = (
				B45916891E65B796007EE68B /* Debug */,
				B459168A1E65B796007EE68B /* Release */,
			);
			defaultConfigurationIsVisible = 0;
			defaultConfigurationName = Release;
		};
		B459168B1E65B796007EE68B /* Build configuration list for PBXNativeTarget "OrientationDemoTests" */ = {
			isa = XCConfigurationList;
			buildConfigurations = (
				B459168C1E65B796007EE68B /* Debug */,
				B459168D1E65B796007EE68B /* Release */,
			);
			defaultConfigurationIsVisible = 0;
			defaultConfigurationName = Release;
		};
		B459168E1E65B796007EE68B /* Build configuration list for PBXNativeTarget "OrientationDemoUITests" */ = {
			isa = XCConfigurationList;
			buildConfigurations = (
				B459168F1E65B796007EE68B /* Debug */,
				B45916901E65B796007EE68B /* Release */,
			);
			defaultConfigurationIsVisible = 0;
			defaultConfigurationName = Release;
		};
/* End XCConfigurationList section */
	};
	rootObject = B45916531E65B796007EE68B /* Project object */;
}
